
Microsoft Visual Studio Solution File, Format Version 12.00
# Visual Studio Version 17
VisualStudioVersion = 17.3.32901.215
MinimumVisualStudioVersion = 10.0.40219.1
Project("{FAE04EC0-301F-11D3-BF4B-00C04F79EFBC}") = "Auth2BlazorApp", "Auth2BlazorApp\Auth2BlazorApp.csproj", "{91BC3D69-F405-4660-AC4B-68511019C604}"
EndProject
Global
	GlobalSection(SolutionConfigurationPlatforms) = preSolution
		Debug|Any CPU = Debug|Any CPU
		Release|Any CPU = Release|Any CPU
	EndGlobalSection
	GlobalSection(ProjectConfigurationPlatforms) = postSolution
		{91BC3D69-F405-4660-AC4B-68511019C604}.Debug|Any CPU.ActiveCfg = Debug|Any CPU
		{91BC3D69-F405-4660-AC4B-68511019C604}.Debug|Any CPU.Build.0 = Debug|Any CPU
		{91BC3D69-F405-4660-AC4B-68511019C604}.Release|Any CPU.ActiveCfg = Release|Any CPU
		{91BC3D69-F405-4660-AC4B-68511019C604}.Release|Any CPU.Build.0 = Release|Any CPU
	EndGlobalSection
	GlobalSection(SolutionProperties) = preSolution
		HideSolutionNode = FALSE
	EndGlobalSection
	GlobalSection(ExtensibilityGlobals) = postSolution
		SolutionGuid = {6BE355D9-4FDB-4CFF-8AAA-A7BFC80C4D5B}
	EndGlobalSection
EndGlobal
